
Microsoft Visual Studio Solution File, Format Version 12.00
# Visual Studio Version 17
VisualStudioVersion = 17.7.34202.233
MinimumVisualStudioVersion = 10.0.40219.1
Project("{FAE04EC0-301F-11D3-BF4B-00C04F79EFBC}") = "mathematicaloperation", "mathematicaloperation.csproj", "{45B8E079-7B1D-40C6-BE84-C2D5501C42F8}"
EndProject
Global
	GlobalSection(SolutionConfigurationPlatforms) = preSolution
		Debug|Any CPU = Debug|Any CPU
		Release|Any CPU = Release|Any CPU
	EndGlobalSection
	GlobalSection(ProjectConfigurationPlatforms) = postSolution
		{45B8E079-7B1D-40C6-BE84-C2D5501C42F8}.Debug|Any CPU.ActiveCfg = Debug|Any CPU
		{45B8E079-7B1D-40C6-BE84-C2D5501C42F8}.Debug|Any CPU.Build.0 = Debug|Any CPU
		{45B8E079-7B1D-40C6-BE84-C2D5501C42F8}.Release|Any CPU.ActiveCfg = Release|Any CPU
		{45B8E079-7B1D-40C6-BE84-C2D5501C42F8}.Release|Any CPU.Build.0 = Release|Any CPU
	EndGlobalSection
	GlobalSection(SolutionProperties) = preSolution
		HideSolutionNode = FALSE
	EndGlobalSection
	GlobalSection(ExtensibilityGlobals) = postSolution
		SolutionGuid = {547BD89B-5DF7-473B-A071-295F0AB0F91D}
	EndGlobalSection
EndGlobal
