
Microsoft Visual Studio Solution File, Format Version 12.00
# Visual Studio Version 17
VisualStudioVersion = 17.7.34202.233
MinimumVisualStudioVersion = 10.0.40219.1
Project("{FAE04EC0-301F-11D3-BF4B-00C04F79EFBC}") = "insertmethodin", "insertmethodin.csproj", "{D0D19AF1-7568-4DB8-B8B5-C0509A4B6ED1}"
EndProject
Global
	GlobalSection(SolutionConfigurationPlatforms) = preSolution
		Debug|Any CPU = Debug|Any CPU
		Release|Any CPU = Release|Any CPU
	EndGlobalSection
	GlobalSection(ProjectConfigurationPlatforms) = postSolution
		{D0D19AF1-7568-4DB8-B8B5-C0509A4B6ED1}.Debug|Any CPU.ActiveCfg = Debug|Any CPU
		{D0D19AF1-7568-4DB8-B8B5-C0509A4B6ED1}.Debug|Any CPU.Build.0 = Debug|Any CPU
		{D0D19AF1-7568-4DB8-B8B5-C0509A4B6ED1}.Release|Any CPU.ActiveCfg = Release|Any CPU
		{D0D19AF1-7568-4DB8-B8B5-C0509A4B6ED1}.Release|Any CPU.Build.0 = Release|Any CPU
	EndGlobalSection
	GlobalSection(SolutionProperties) = preSolution
		HideSolutionNode = FALSE
	EndGlobalSection
	GlobalSection(ExtensibilityGlobals) = postSolution
		SolutionGuid = {05A5B19A-3FE6-454D-B5BF-A98F9F3F85C7}
	EndGlobalSection
EndGlobal
