
Microsoft Visual Studio Solution File, Format Version 12.00
# Visual Studio Version 17
VisualStudioVersion = 17.7.34202.233
MinimumVisualStudioVersion = 10.0.40219.1
Project("{FAE04EC0-301F-11D3-BF4B-00C04F79EFBC}") = "whileaverage", "whileaverage.csproj", "{F317FE49-502C-42D2-87E8-61B94CA9ABC0}"
EndProject
Global
	GlobalSection(SolutionConfigurationPlatforms) = preSolution
		Debug|Any CPU = Debug|Any CPU
		Release|Any CPU = Release|Any CPU
	EndGlobalSection
	GlobalSection(ProjectConfigurationPlatforms) = postSolution
		{F317FE49-502C-42D2-87E8-61B94CA9ABC0}.Debug|Any CPU.ActiveCfg = Debug|Any CPU
		{F317FE49-502C-42D2-87E8-61B94CA9ABC0}.Debug|Any CPU.Build.0 = Debug|Any CPU
		{F317FE49-502C-42D2-87E8-61B94CA9ABC0}.Release|Any CPU.ActiveCfg = Release|Any CPU
		{F317FE49-502C-42D2-87E8-61B94CA9ABC0}.Release|Any CPU.Build.0 = Release|Any CPU
	EndGlobalSection
	GlobalSection(SolutionProperties) = preSolution
		HideSolutionNode = FALSE
	EndGlobalSection
	GlobalSection(ExtensibilityGlobals) = postSolution
		SolutionGuid = {7455B6E7-BA3F-4A0D-8DC7-644E30BE6EDD}
	EndGlobalSection
EndGlobal
