
Microsoft Visual Studio Solution File, Format Version 12.00
# Visual Studio Version 17
VisualStudioVersion = 17.7.34202.233
MinimumVisualStudioVersion = 10.0.40219.1
Project("{FAE04EC0-301F-11D3-BF4B-00C04F79EFBC}") = "whileassignment1", "whileassignment1.csproj", "{D510CEAA-E9B4-4E1D-825E-5DE22AF84181}"
EndProject
Global
	GlobalSection(SolutionConfigurationPlatforms) = preSolution
		Debug|Any CPU = Debug|Any CPU
		Release|Any CPU = Release|Any CPU
	EndGlobalSection
	GlobalSection(ProjectConfigurationPlatforms) = postSolution
		{D510CEAA-E9B4-4E1D-825E-5DE22AF84181}.Debug|Any CPU.ActiveCfg = Debug|Any CPU
		{D510CEAA-E9B4-4E1D-825E-5DE22AF84181}.Debug|Any CPU.Build.0 = Debug|Any CPU
		{D510CEAA-E9B4-4E1D-825E-5DE22AF84181}.Release|Any CPU.ActiveCfg = Release|Any CPU
		{D510CEAA-E9B4-4E1D-825E-5DE22AF84181}.Release|Any CPU.Build.0 = Release|Any CPU
	EndGlobalSection
	GlobalSection(SolutionProperties) = preSolution
		HideSolutionNode = FALSE
	EndGlobalSection
	GlobalSection(ExtensibilityGlobals) = postSolution
		SolutionGuid = {5D8B2581-0854-4952-ACAE-B2EC5413C89D}
	EndGlobalSection
EndGlobal
