
Microsoft Visual Studio Solution File, Format Version 12.00
# Visual Studio Version 17
VisualStudioVersion = 17.7.34202.233
MinimumVisualStudioVersion = 10.0.40219.1
Project("{FAE04EC0-301F-11D3-BF4B-00C04F79EFBC}") = "insertmethodinWindowsForm", "insertmethodinWindowsForm.csproj", "{D41B8FDD-89B5-4CE3-9EDE-26CD493EB7DB}"
EndProject
Global
	GlobalSection(SolutionConfigurationPlatforms) = preSolution
		Debug|Any CPU = Debug|Any CPU
		Release|Any CPU = Release|Any CPU
	EndGlobalSection
	GlobalSection(ProjectConfigurationPlatforms) = postSolution
		{D41B8FDD-89B5-4CE3-9EDE-26CD493EB7DB}.Debug|Any CPU.ActiveCfg = Debug|Any CPU
		{D41B8FDD-89B5-4CE3-9EDE-26CD493EB7DB}.Debug|Any CPU.Build.0 = Debug|Any CPU
		{D41B8FDD-89B5-4CE3-9EDE-26CD493EB7DB}.Release|Any CPU.ActiveCfg = Release|Any CPU
		{D41B8FDD-89B5-4CE3-9EDE-26CD493EB7DB}.Release|Any CPU.Build.0 = Release|Any CPU
	EndGlobalSection
	GlobalSection(SolutionProperties) = preSolution
		HideSolutionNode = FALSE
	EndGlobalSection
	GlobalSection(ExtensibilityGlobals) = postSolution
		SolutionGuid = {BB43D4EB-0D3B-4CE2-BB81-C54D2FAE6234}
	EndGlobalSection
EndGlobal
