
Microsoft Visual Studio Solution File, Format Version 12.00
# Visual Studio Version 17
VisualStudioVersion = 17.7.34202.233
MinimumVisualStudioVersion = 10.0.40219.1
Project("{FAE04EC0-301F-11D3-BF4B-00C04F79EFBC}") = "tablemultiplication", "tablemultiplication.csproj", "{EDC8C18F-2B5C-4A4E-A982-7427BD457348}"
EndProject
Global
	GlobalSection(SolutionConfigurationPlatforms) = preSolution
		Debug|Any CPU = Debug|Any CPU
		Release|Any CPU = Release|Any CPU
	EndGlobalSection
	GlobalSection(ProjectConfigurationPlatforms) = postSolution
		{EDC8C18F-2B5C-4A4E-A982-7427BD457348}.Debug|Any CPU.ActiveCfg = Debug|Any CPU
		{EDC8C18F-2B5C-4A4E-A982-7427BD457348}.Debug|Any CPU.Build.0 = Debug|Any CPU
		{EDC8C18F-2B5C-4A4E-A982-7427BD457348}.Release|Any CPU.ActiveCfg = Release|Any CPU
		{EDC8C18F-2B5C-4A4E-A982-7427BD457348}.Release|Any CPU.Build.0 = Release|Any CPU
	EndGlobalSection
	GlobalSection(SolutionProperties) = preSolution
		HideSolutionNode = FALSE
	EndGlobalSection
	GlobalSection(ExtensibilityGlobals) = postSolution
		SolutionGuid = {E87C5222-A064-4392-9456-5E03B1AA8F69}
	EndGlobalSection
EndGlobal
