
Microsoft Visual Studio Solution File, Format Version 12.00
# Visual Studio Version 17
VisualStudioVersion = 17.7.34202.233
MinimumVisualStudioVersion = 10.0.40219.1
Project("{FAE04EC0-301F-11D3-BF4B-00C04F79EFBC}") = "studentdata", "studentdata.csproj", "{06CBEFFC-151D-4E15-89C0-CFCF80A55D64}"
EndProject
Global
	GlobalSection(SolutionConfigurationPlatforms) = preSolution
		Debug|Any CPU = Debug|Any CPU
		Release|Any CPU = Release|Any CPU
	EndGlobalSection
	GlobalSection(ProjectConfigurationPlatforms) = postSolution
		{06CBEFFC-151D-4E15-89C0-CFCF80A55D64}.Debug|Any CPU.ActiveCfg = Debug|Any CPU
		{06CBEFFC-151D-4E15-89C0-CFCF80A55D64}.Debug|Any CPU.Build.0 = Debug|Any CPU
		{06CBEFFC-151D-4E15-89C0-CFCF80A55D64}.Release|Any CPU.ActiveCfg = Release|Any CPU
		{06CBEFFC-151D-4E15-89C0-CFCF80A55D64}.Release|Any CPU.Build.0 = Release|Any CPU
	EndGlobalSection
	GlobalSection(SolutionProperties) = preSolution
		HideSolutionNode = FALSE
	EndGlobalSection
	GlobalSection(ExtensibilityGlobals) = postSolution
		SolutionGuid = {DCE9255A-3CA5-402B-9CF4-6B5AA4EB688B}
	EndGlobalSection
EndGlobal
