
Microsoft Visual Studio Solution File, Format Version 12.00
# Visual Studio Version 17
VisualStudioVersion = 17.7.34202.233
MinimumVisualStudioVersion = 10.0.40219.1
Project("{FAE04EC0-301F-11D3-BF4B-00C04F79EFBC}") = "passbyrefernce", "passbyrefernce.csproj", "{61F26D2A-E66F-4FC0-AF94-B2E10F0EA7F1}"
EndProject
Global
	GlobalSection(SolutionConfigurationPlatforms) = preSolution
		Debug|Any CPU = Debug|Any CPU
		Release|Any CPU = Release|Any CPU
	EndGlobalSection
	GlobalSection(ProjectConfigurationPlatforms) = postSolution
		{61F26D2A-E66F-4FC0-AF94-B2E10F0EA7F1}.Debug|Any CPU.ActiveCfg = Debug|Any CPU
		{61F26D2A-E66F-4FC0-AF94-B2E10F0EA7F1}.Debug|Any CPU.Build.0 = Debug|Any CPU
		{61F26D2A-E66F-4FC0-AF94-B2E10F0EA7F1}.Release|Any CPU.ActiveCfg = Release|Any CPU
		{61F26D2A-E66F-4FC0-AF94-B2E10F0EA7F1}.Release|Any CPU.Build.0 = Release|Any CPU
	EndGlobalSection
	GlobalSection(SolutionProperties) = preSolution
		HideSolutionNode = FALSE
	EndGlobalSection
	GlobalSection(ExtensibilityGlobals) = postSolution
		SolutionGuid = {E54F4469-B469-4B24-9B9F-0A78AE55604A}
	EndGlobalSection
EndGlobal
