
Microsoft Visual Studio Solution File, Format Version 12.00
# Visual Studio Version 17
VisualStudioVersion = 17.7.34202.233
MinimumVisualStudioVersion = 10.0.40219.1
Project("{FAE04EC0-301F-11D3-BF4B-00C04F79EFBC}") = "whileassignment3", "whileassignment3.csproj", "{C3DFDBB8-5352-450B-B69B-F47D1EEE1A46}"
EndProject
Global
	GlobalSection(SolutionConfigurationPlatforms) = preSolution
		Debug|Any CPU = Debug|Any CPU
		Release|Any CPU = Release|Any CPU
	EndGlobalSection
	GlobalSection(ProjectConfigurationPlatforms) = postSolution
		{C3DFDBB8-5352-450B-B69B-F47D1EEE1A46}.Debug|Any CPU.ActiveCfg = Debug|Any CPU
		{C3DFDBB8-5352-450B-B69B-F47D1EEE1A46}.Debug|Any CPU.Build.0 = Debug|Any CPU
		{C3DFDBB8-5352-450B-B69B-F47D1EEE1A46}.Release|Any CPU.ActiveCfg = Release|Any CPU
		{C3DFDBB8-5352-450B-B69B-F47D1EEE1A46}.Release|Any CPU.Build.0 = Release|Any CPU
	EndGlobalSection
	GlobalSection(SolutionProperties) = preSolution
		HideSolutionNode = FALSE
	EndGlobalSection
	GlobalSection(ExtensibilityGlobals) = postSolution
		SolutionGuid = {CB36FB03-2706-49EE-8FAC-C19F392AB3C5}
	EndGlobalSection
EndGlobal
