
Microsoft Visual Studio Solution File, Format Version 12.00
# Visual Studio Version 17
VisualStudioVersion = 17.7.34202.233
MinimumVisualStudioVersion = 10.0.40219.1
Project("{FAE04EC0-301F-11D3-BF4B-00C04F79EFBC}") = "corodinatepoints", "corodinatepoints.csproj", "{C294EF0F-82D9-411D-A909-FB7F93CB5036}"
EndProject
Global
	GlobalSection(SolutionConfigurationPlatforms) = preSolution
		Debug|Any CPU = Debug|Any CPU
		Release|Any CPU = Release|Any CPU
	EndGlobalSection
	GlobalSection(ProjectConfigurationPlatforms) = postSolution
		{C294EF0F-82D9-411D-A909-FB7F93CB5036}.Debug|Any CPU.ActiveCfg = Debug|Any CPU
		{C294EF0F-82D9-411D-A909-FB7F93CB5036}.Debug|Any CPU.Build.0 = Debug|Any CPU
		{C294EF0F-82D9-411D-A909-FB7F93CB5036}.Release|Any CPU.ActiveCfg = Release|Any CPU
		{C294EF0F-82D9-411D-A909-FB7F93CB5036}.Release|Any CPU.Build.0 = Release|Any CPU
	EndGlobalSection
	GlobalSection(SolutionProperties) = preSolution
		HideSolutionNode = FALSE
	EndGlobalSection
	GlobalSection(ExtensibilityGlobals) = postSolution
		SolutionGuid = {D0BA7C43-19C8-4D85-9EE3-3B4FB16B49C1}
	EndGlobalSection
EndGlobal
