
Microsoft Visual Studio Solution File, Format Version 12.00
# Visual Studio Version 17
VisualStudioVersion = 17.7.34202.233
MinimumVisualStudioVersion = 10.0.40219.1
Project("{FAE04EC0-301F-11D3-BF4B-00C04F79EFBC}") = "addition,multiplication,substrction", "addition,multiplication,substrction.csproj", "{00981637-4E6A-4D77-A7A0-979C3BCC4FB8}"
EndProject
Global
	GlobalSection(SolutionConfigurationPlatforms) = preSolution
		Debug|Any CPU = Debug|Any CPU
		Release|Any CPU = Release|Any CPU
	EndGlobalSection
	GlobalSection(ProjectConfigurationPlatforms) = postSolution
		{00981637-4E6A-4D77-A7A0-979C3BCC4FB8}.Debug|Any CPU.ActiveCfg = Debug|Any CPU
		{00981637-4E6A-4D77-A7A0-979C3BCC4FB8}.Debug|Any CPU.Build.0 = Debug|Any CPU
		{00981637-4E6A-4D77-A7A0-979C3BCC4FB8}.Release|Any CPU.ActiveCfg = Release|Any CPU
		{00981637-4E6A-4D77-A7A0-979C3BCC4FB8}.Release|Any CPU.Build.0 = Release|Any CPU
	EndGlobalSection
	GlobalSection(SolutionProperties) = preSolution
		HideSolutionNode = FALSE
	EndGlobalSection
	GlobalSection(ExtensibilityGlobals) = postSolution
		SolutionGuid = {EF1CE423-797E-446C-B8AF-448CE45A66AC}
	EndGlobalSection
EndGlobal
