
Microsoft Visual Studio Solution File, Format Version 12.00
# Visual Studio Version 17
VisualStudioVersion = 17.7.34202.233
MinimumVisualStudioVersion = 10.0.40219.1
Project("{FAE04EC0-301F-11D3-BF4B-00C04F79EFBC}") = "whileloopexample1", "whileloopexample1.csproj", "{7B9706E2-B84F-435A-AAC7-9B61C1825040}"
EndProject
Global
	GlobalSection(SolutionConfigurationPlatforms) = preSolution
		Debug|Any CPU = Debug|Any CPU
		Release|Any CPU = Release|Any CPU
	EndGlobalSection
	GlobalSection(ProjectConfigurationPlatforms) = postSolution
		{7B9706E2-B84F-435A-AAC7-9B61C1825040}.Debug|Any CPU.ActiveCfg = Debug|Any CPU
		{7B9706E2-B84F-435A-AAC7-9B61C1825040}.Debug|Any CPU.Build.0 = Debug|Any CPU
		{7B9706E2-B84F-435A-AAC7-9B61C1825040}.Release|Any CPU.ActiveCfg = Release|Any CPU
		{7B9706E2-B84F-435A-AAC7-9B61C1825040}.Release|Any CPU.Build.0 = Release|Any CPU
	EndGlobalSection
	GlobalSection(SolutionProperties) = preSolution
		HideSolutionNode = FALSE
	EndGlobalSection
	GlobalSection(ExtensibilityGlobals) = postSolution
		SolutionGuid = {F388D79C-9432-4636-86B9-E776E3D04BD3}
	EndGlobalSection
EndGlobal
