
Microsoft Visual Studio Solution File, Format Version 12.00
# Visual Studio Version 17
VisualStudioVersion = 17.7.34202.233
MinimumVisualStudioVersion = 10.0.40219.1
Project("{FAE04EC0-301F-11D3-BF4B-00C04F79EFBC}") = "displaynumber", "displaynumber.csproj", "{ACE1DC61-40F5-4094-B369-31BCF3348E0A}"
EndProject
Global
	GlobalSection(SolutionConfigurationPlatforms) = preSolution
		Debug|Any CPU = Debug|Any CPU
		Release|Any CPU = Release|Any CPU
	EndGlobalSection
	GlobalSection(ProjectConfigurationPlatforms) = postSolution
		{ACE1DC61-40F5-4094-B369-31BCF3348E0A}.Debug|Any CPU.ActiveCfg = Debug|Any CPU
		{ACE1DC61-40F5-4094-B369-31BCF3348E0A}.Debug|Any CPU.Build.0 = Debug|Any CPU
		{ACE1DC61-40F5-4094-B369-31BCF3348E0A}.Release|Any CPU.ActiveCfg = Release|Any CPU
		{ACE1DC61-40F5-4094-B369-31BCF3348E0A}.Release|Any CPU.Build.0 = Release|Any CPU
	EndGlobalSection
	GlobalSection(SolutionProperties) = preSolution
		HideSolutionNode = FALSE
	EndGlobalSection
	GlobalSection(ExtensibilityGlobals) = postSolution
		SolutionGuid = {B8B210A5-30E2-48B8-8F82-D20D6BB1F406}
	EndGlobalSection
EndGlobal
