
Microsoft Visual Studio Solution File, Format Version 12.00
# Visual Studio Version 17
VisualStudioVersion = 17.7.34202.233
MinimumVisualStudioVersion = 10.0.40219.1
Project("{FAE04EC0-301F-11D3-BF4B-00C04F79EFBC}") = "excessmodifier(internal", "excessmodifier(internal.csproj", "{F02EF2E5-0DF1-4F3F-BE0C-576BC045D516}"
EndProject
Global
	GlobalSection(SolutionConfigurationPlatforms) = preSolution
		Debug|Any CPU = Debug|Any CPU
		Release|Any CPU = Release|Any CPU
	EndGlobalSection
	GlobalSection(ProjectConfigurationPlatforms) = postSolution
		{F02EF2E5-0DF1-4F3F-BE0C-576BC045D516}.Debug|Any CPU.ActiveCfg = Debug|Any CPU
		{F02EF2E5-0DF1-4F3F-BE0C-576BC045D516}.Debug|Any CPU.Build.0 = Debug|Any CPU
		{F02EF2E5-0DF1-4F3F-BE0C-576BC045D516}.Release|Any CPU.ActiveCfg = Release|Any CPU
		{F02EF2E5-0DF1-4F3F-BE0C-576BC045D516}.Release|Any CPU.Build.0 = Release|Any CPU
	EndGlobalSection
	GlobalSection(SolutionProperties) = preSolution
		HideSolutionNode = FALSE
	EndGlobalSection
	GlobalSection(ExtensibilityGlobals) = postSolution
		SolutionGuid = {92FF0B96-2FCB-407D-9A13-3209FECD8C1B}
	EndGlobalSection
EndGlobal
