
Microsoft Visual Studio Solution File, Format Version 12.00
# Visual Studio Version 17
VisualStudioVersion = 17.7.34202.233
MinimumVisualStudioVersion = 10.0.40219.1
Project("{FAE04EC0-301F-11D3-BF4B-00C04F79EFBC}") = "monthnumbermonthname", "monthnumbermonthname.csproj", "{224F1974-56AC-4B3F-930E-D718E94935F2}"
EndProject
Global
	GlobalSection(SolutionConfigurationPlatforms) = preSolution
		Debug|Any CPU = Debug|Any CPU
		Release|Any CPU = Release|Any CPU
	EndGlobalSection
	GlobalSection(ProjectConfigurationPlatforms) = postSolution
		{224F1974-56AC-4B3F-930E-D718E94935F2}.Debug|Any CPU.ActiveCfg = Debug|Any CPU
		{224F1974-56AC-4B3F-930E-D718E94935F2}.Debug|Any CPU.Build.0 = Debug|Any CPU
		{224F1974-56AC-4B3F-930E-D718E94935F2}.Release|Any CPU.ActiveCfg = Release|Any CPU
		{224F1974-56AC-4B3F-930E-D718E94935F2}.Release|Any CPU.Build.0 = Release|Any CPU
	EndGlobalSection
	GlobalSection(SolutionProperties) = preSolution
		HideSolutionNode = FALSE
	EndGlobalSection
	GlobalSection(ExtensibilityGlobals) = postSolution
		SolutionGuid = {28F9DD0A-94BD-4B2E-9792-C0F30C6361D3}
	EndGlobalSection
EndGlobal
