
Microsoft Visual Studio Solution File, Format Version 12.00
# Visual Studio Version 17
VisualStudioVersion = 17.7.34202.233
MinimumVisualStudioVersion = 10.0.40219.1
Project("{FAE04EC0-301F-11D3-BF4B-00C04F79EFBC}") = "bank", "bank.csproj", "{4A94256D-2BEE-4D36-8937-FD9BB7B1E7CB}"
EndProject
Global
	GlobalSection(SolutionConfigurationPlatforms) = preSolution
		Debug|Any CPU = Debug|Any CPU
		Release|Any CPU = Release|Any CPU
	EndGlobalSection
	GlobalSection(ProjectConfigurationPlatforms) = postSolution
		{4A94256D-2BEE-4D36-8937-FD9BB7B1E7CB}.Debug|Any CPU.ActiveCfg = Debug|Any CPU
		{4A94256D-2BEE-4D36-8937-FD9BB7B1E7CB}.Debug|Any CPU.Build.0 = Debug|Any CPU
		{4A94256D-2BEE-4D36-8937-FD9BB7B1E7CB}.Release|Any CPU.ActiveCfg = Release|Any CPU
		{4A94256D-2BEE-4D36-8937-FD9BB7B1E7CB}.Release|Any CPU.Build.0 = Release|Any CPU
	EndGlobalSection
	GlobalSection(SolutionProperties) = preSolution
		HideSolutionNode = FALSE
	EndGlobalSection
	GlobalSection(ExtensibilityGlobals) = postSolution
		SolutionGuid = {9D151B60-D42B-40F9-BC9D-FBDB1FA9A8D7}
	EndGlobalSection
EndGlobal
