
Microsoft Visual Studio Solution File, Format Version 12.00
# Visual Studio Version 17
VisualStudioVersion = 17.7.34202.233
MinimumVisualStudioVersion = 10.0.40219.1
Project("{FAE04EC0-301F-11D3-BF4B-00C04F79EFBC}") = "exceptionhandliying", "exceptionhandliying.csproj", "{0A0EA392-8D27-430A-8C70-1A17F6DC35E2}"
EndProject
Global
	GlobalSection(SolutionConfigurationPlatforms) = preSolution
		Debug|Any CPU = Debug|Any CPU
		Release|Any CPU = Release|Any CPU
	EndGlobalSection
	GlobalSection(ProjectConfigurationPlatforms) = postSolution
		{0A0EA392-8D27-430A-8C70-1A17F6DC35E2}.Debug|Any CPU.ActiveCfg = Debug|Any CPU
		{0A0EA392-8D27-430A-8C70-1A17F6DC35E2}.Debug|Any CPU.Build.0 = Debug|Any CPU
		{0A0EA392-8D27-430A-8C70-1A17F6DC35E2}.Release|Any CPU.ActiveCfg = Release|Any CPU
		{0A0EA392-8D27-430A-8C70-1A17F6DC35E2}.Release|Any CPU.Build.0 = Release|Any CPU
	EndGlobalSection
	GlobalSection(SolutionProperties) = preSolution
		HideSolutionNode = FALSE
	EndGlobalSection
	GlobalSection(ExtensibilityGlobals) = postSolution
		SolutionGuid = {554B94E6-F98B-4F1A-97E2-DB6556CA2B7D}
	EndGlobalSection
EndGlobal
