
Microsoft Visual Studio Solution File, Format Version 12.00
# Visual Studio Version 17
VisualStudioVersion = 17.7.34202.233
MinimumVisualStudioVersion = 10.0.40219.1
Project("{FAE04EC0-301F-11D3-BF4B-00C04F79EFBC}") = "throw", "throw.csproj", "{55AB516B-27C0-4247-BE59-A13EF130B5E6}"
EndProject
Global
	GlobalSection(SolutionConfigurationPlatforms) = preSolution
		Debug|Any CPU = Debug|Any CPU
		Release|Any CPU = Release|Any CPU
	EndGlobalSection
	GlobalSection(ProjectConfigurationPlatforms) = postSolution
		{55AB516B-27C0-4247-BE59-A13EF130B5E6}.Debug|Any CPU.ActiveCfg = Debug|Any CPU
		{55AB516B-27C0-4247-BE59-A13EF130B5E6}.Debug|Any CPU.Build.0 = Debug|Any CPU
		{55AB516B-27C0-4247-BE59-A13EF130B5E6}.Release|Any CPU.ActiveCfg = Release|Any CPU
		{55AB516B-27C0-4247-BE59-A13EF130B5E6}.Release|Any CPU.Build.0 = Release|Any CPU
	EndGlobalSection
	GlobalSection(SolutionProperties) = preSolution
		HideSolutionNode = FALSE
	EndGlobalSection
	GlobalSection(ExtensibilityGlobals) = postSolution
		SolutionGuid = {FDA9BEEB-0AFF-49E6-9A91-BA6E5D38BC5B}
	EndGlobalSection
EndGlobal
