
Microsoft Visual Studio Solution File, Format Version 12.00
# Visual Studio Version 17
VisualStudioVersion = 17.7.34202.233
MinimumVisualStudioVersion = 10.0.40219.1
Project("{FAE04EC0-301F-11D3-BF4B-00C04F79EFBC}") = "printtable", "printtable.csproj", "{3E519025-FD47-44DF-ADD6-38B628B0A4BA}"
EndProject
Global
	GlobalSection(SolutionConfigurationPlatforms) = preSolution
		Debug|Any CPU = Debug|Any CPU
		Release|Any CPU = Release|Any CPU
	EndGlobalSection
	GlobalSection(ProjectConfigurationPlatforms) = postSolution
		{3E519025-FD47-44DF-ADD6-38B628B0A4BA}.Debug|Any CPU.ActiveCfg = Debug|Any CPU
		{3E519025-FD47-44DF-ADD6-38B628B0A4BA}.Debug|Any CPU.Build.0 = Debug|Any CPU
		{3E519025-FD47-44DF-ADD6-38B628B0A4BA}.Release|Any CPU.ActiveCfg = Release|Any CPU
		{3E519025-FD47-44DF-ADD6-38B628B0A4BA}.Release|Any CPU.Build.0 = Release|Any CPU
	EndGlobalSection
	GlobalSection(SolutionProperties) = preSolution
		HideSolutionNode = FALSE
	EndGlobalSection
	GlobalSection(ExtensibilityGlobals) = postSolution
		SolutionGuid = {8BF746FF-0145-48CF-B60E-A9DB30C20FC5}
	EndGlobalSection
EndGlobal
