
Microsoft Visual Studio Solution File, Format Version 12.00
# Visual Studio Version 17
VisualStudioVersion = 17.7.34202.233
MinimumVisualStudioVersion = 10.0.40219.1
Project("{FAE04EC0-301F-11D3-BF4B-00C04F79EFBC}") = "productclasswithparameterandnoparameter", "productclasswithparameterandnoparameter.csproj", "{A211A3D2-C3DA-4ED1-A18D-CE93A7E382C7}"
EndProject
Global
	GlobalSection(SolutionConfigurationPlatforms) = preSolution
		Debug|Any CPU = Debug|Any CPU
		Release|Any CPU = Release|Any CPU
	EndGlobalSection
	GlobalSection(ProjectConfigurationPlatforms) = postSolution
		{A211A3D2-C3DA-4ED1-A18D-CE93A7E382C7}.Debug|Any CPU.ActiveCfg = Debug|Any CPU
		{A211A3D2-C3DA-4ED1-A18D-CE93A7E382C7}.Debug|Any CPU.Build.0 = Debug|Any CPU
		{A211A3D2-C3DA-4ED1-A18D-CE93A7E382C7}.Release|Any CPU.ActiveCfg = Release|Any CPU
		{A211A3D2-C3DA-4ED1-A18D-CE93A7E382C7}.Release|Any CPU.Build.0 = Release|Any CPU
	EndGlobalSection
	GlobalSection(SolutionProperties) = preSolution
		HideSolutionNode = FALSE
	EndGlobalSection
	GlobalSection(ExtensibilityGlobals) = postSolution
		SolutionGuid = {0D470525-B294-480A-949D-F1A26CD25C75}
	EndGlobalSection
EndGlobal
