
Microsoft Visual Studio Solution File, Format Version 12.00
# Visual Studio Version 17
VisualStudioVersion = 17.7.34202.233
MinimumVisualStudioVersion = 10.0.40219.1
Project("{FAE04EC0-301F-11D3-BF4B-00C04F79EFBC}") = "richtextbox", "richtextbox.csproj", "{D7B87585-8059-4E0A-987D-9C77E962CEEE}"
EndProject
Global
	GlobalSection(SolutionConfigurationPlatforms) = preSolution
		Debug|Any CPU = Debug|Any CPU
		Release|Any CPU = Release|Any CPU
	EndGlobalSection
	GlobalSection(ProjectConfigurationPlatforms) = postSolution
		{D7B87585-8059-4E0A-987D-9C77E962CEEE}.Debug|Any CPU.ActiveCfg = Debug|Any CPU
		{D7B87585-8059-4E0A-987D-9C77E962CEEE}.Debug|Any CPU.Build.0 = Debug|Any CPU
		{D7B87585-8059-4E0A-987D-9C77E962CEEE}.Release|Any CPU.ActiveCfg = Release|Any CPU
		{D7B87585-8059-4E0A-987D-9C77E962CEEE}.Release|Any CPU.Build.0 = Release|Any CPU
	EndGlobalSection
	GlobalSection(SolutionProperties) = preSolution
		HideSolutionNode = FALSE
	EndGlobalSection
	GlobalSection(ExtensibilityGlobals) = postSolution
		SolutionGuid = {CD176982-4BC9-4A54-A130-41745CD41724}
	EndGlobalSection
EndGlobal
