
Microsoft Visual Studio Solution File, Format Version 12.00
# Visual Studio Version 17
VisualStudioVersion = 17.7.34202.233
MinimumVisualStudioVersion = 10.0.40219.1
Project("{FAE04EC0-301F-11D3-BF4B-00C04F79EFBC}") = "profitloss", "profitloss.csproj", "{4E9F19D0-E535-41A2-A388-4BC51A8C7D34}"
EndProject
Global
	GlobalSection(SolutionConfigurationPlatforms) = preSolution
		Debug|Any CPU = Debug|Any CPU
		Release|Any CPU = Release|Any CPU
	EndGlobalSection
	GlobalSection(ProjectConfigurationPlatforms) = postSolution
		{4E9F19D0-E535-41A2-A388-4BC51A8C7D34}.Debug|Any CPU.ActiveCfg = Debug|Any CPU
		{4E9F19D0-E535-41A2-A388-4BC51A8C7D34}.Debug|Any CPU.Build.0 = Debug|Any CPU
		{4E9F19D0-E535-41A2-A388-4BC51A8C7D34}.Release|Any CPU.ActiveCfg = Release|Any CPU
		{4E9F19D0-E535-41A2-A388-4BC51A8C7D34}.Release|Any CPU.Build.0 = Release|Any CPU
	EndGlobalSection
	GlobalSection(SolutionProperties) = preSolution
		HideSolutionNode = FALSE
	EndGlobalSection
	GlobalSection(ExtensibilityGlobals) = postSolution
		SolutionGuid = {5A2EBB50-37B6-4B9E-926B-21EA64BF59A2}
	EndGlobalSection
EndGlobal
