
Microsoft Visual Studio Solution File, Format Version 12.00
# Visual Studio Version 17
VisualStudioVersion = 17.7.34202.233
MinimumVisualStudioVersion = 10.0.40219.1
Project("{FAE04EC0-301F-11D3-BF4B-00C04F79EFBC}") = "Addition", "Addition.csproj", "{70FA2FEF-5EB1-4649-A1C2-5E2984BC2376}"
EndProject
Global
	GlobalSection(SolutionConfigurationPlatforms) = preSolution
		Debug|Any CPU = Debug|Any CPU
		Release|Any CPU = Release|Any CPU
	EndGlobalSection
	GlobalSection(ProjectConfigurationPlatforms) = postSolution
		{70FA2FEF-5EB1-4649-A1C2-5E2984BC2376}.Debug|Any CPU.ActiveCfg = Debug|Any CPU
		{70FA2FEF-5EB1-4649-A1C2-5E2984BC2376}.Debug|Any CPU.Build.0 = Debug|Any CPU
		{70FA2FEF-5EB1-4649-A1C2-5E2984BC2376}.Release|Any CPU.ActiveCfg = Release|Any CPU
		{70FA2FEF-5EB1-4649-A1C2-5E2984BC2376}.Release|Any CPU.Build.0 = Release|Any CPU
	EndGlobalSection
	GlobalSection(SolutionProperties) = preSolution
		HideSolutionNode = FALSE
	EndGlobalSection
	GlobalSection(ExtensibilityGlobals) = postSolution
		SolutionGuid = {DD7226EB-DC97-4347-8937-CDACA55CA0CD}
	EndGlobalSection
EndGlobal
