
Microsoft Visual Studio Solution File, Format Version 12.00
# Visual Studio Version 17
VisualStudioVersion = 17.7.34202.233
MinimumVisualStudioVersion = 10.0.40219.1
Project("{FAE04EC0-301F-11D3-BF4B-00C04F79EFBC}") = "classEMPLOYEE(ASSIGNMENT)", "classEMPLOYEE(ASSIGNMENT).csproj", "{8A8C3EB6-A42E-43A1-9388-BF80C0E68153}"
EndProject
Global
	GlobalSection(SolutionConfigurationPlatforms) = preSolution
		Debug|Any CPU = Debug|Any CPU
		Release|Any CPU = Release|Any CPU
	EndGlobalSection
	GlobalSection(ProjectConfigurationPlatforms) = postSolution
		{8A8C3EB6-A42E-43A1-9388-BF80C0E68153}.Debug|Any CPU.ActiveCfg = Debug|Any CPU
		{8A8C3EB6-A42E-43A1-9388-BF80C0E68153}.Debug|Any CPU.Build.0 = Debug|Any CPU
		{8A8C3EB6-A42E-43A1-9388-BF80C0E68153}.Release|Any CPU.ActiveCfg = Release|Any CPU
		{8A8C3EB6-A42E-43A1-9388-BF80C0E68153}.Release|Any CPU.Build.0 = Release|Any CPU
	EndGlobalSection
	GlobalSection(SolutionProperties) = preSolution
		HideSolutionNode = FALSE
	EndGlobalSection
	GlobalSection(ExtensibilityGlobals) = postSolution
		SolutionGuid = {09A933F9-A123-4B26-A9A9-D9CD0F84E4B0}
	EndGlobalSection
EndGlobal
