
Microsoft Visual Studio Solution File, Format Version 12.00
# Visual Studio Version 17
VisualStudioVersion = 17.7.34202.233
MinimumVisualStudioVersion = 10.0.40219.1
Project("{FAE04EC0-301F-11D3-BF4B-00C04F79EFBC}") = "rockpaperscissors", "rockpaperscissors.csproj", "{C2D1B747-D14E-4C98-9A14-7B125C80726B}"
EndProject
Global
	GlobalSection(SolutionConfigurationPlatforms) = preSolution
		Debug|Any CPU = Debug|Any CPU
		Release|Any CPU = Release|Any CPU
	EndGlobalSection
	GlobalSection(ProjectConfigurationPlatforms) = postSolution
		{C2D1B747-D14E-4C98-9A14-7B125C80726B}.Debug|Any CPU.ActiveCfg = Debug|Any CPU
		{C2D1B747-D14E-4C98-9A14-7B125C80726B}.Debug|Any CPU.Build.0 = Debug|Any CPU
		{C2D1B747-D14E-4C98-9A14-7B125C80726B}.Release|Any CPU.ActiveCfg = Release|Any CPU
		{C2D1B747-D14E-4C98-9A14-7B125C80726B}.Release|Any CPU.Build.0 = Release|Any CPU
	EndGlobalSection
	GlobalSection(SolutionProperties) = preSolution
		HideSolutionNode = FALSE
	EndGlobalSection
	GlobalSection(ExtensibilityGlobals) = postSolution
		SolutionGuid = {377F9429-3034-4DC1-B7F2-CFF8293539E5}
	EndGlobalSection
EndGlobal
