
Microsoft Visual Studio Solution File, Format Version 12.00
# Visual Studio Version 17
VisualStudioVersion = 17.7.34202.233
MinimumVisualStudioVersion = 10.0.40219.1
Project("{FAE04EC0-301F-11D3-BF4B-00C04F79EFBC}") = "largestthreeno", "largestthreeno.csproj", "{A804B554-E65C-429D-979E-557B20F2DF05}"
EndProject
Global
	GlobalSection(SolutionConfigurationPlatforms) = preSolution
		Debug|Any CPU = Debug|Any CPU
		Release|Any CPU = Release|Any CPU
	EndGlobalSection
	GlobalSection(ProjectConfigurationPlatforms) = postSolution
		{A804B554-E65C-429D-979E-557B20F2DF05}.Debug|Any CPU.ActiveCfg = Debug|Any CPU
		{A804B554-E65C-429D-979E-557B20F2DF05}.Debug|Any CPU.Build.0 = Debug|Any CPU
		{A804B554-E65C-429D-979E-557B20F2DF05}.Release|Any CPU.ActiveCfg = Release|Any CPU
		{A804B554-E65C-429D-979E-557B20F2DF05}.Release|Any CPU.Build.0 = Release|Any CPU
	EndGlobalSection
	GlobalSection(SolutionProperties) = preSolution
		HideSolutionNode = FALSE
	EndGlobalSection
	GlobalSection(ExtensibilityGlobals) = postSolution
		SolutionGuid = {4BD33AFA-528D-4693-B380-B4124DA5E9F7}
	EndGlobalSection
EndGlobal
