
Microsoft Visual Studio Solution File, Format Version 12.00
# Visual Studio Version 17
VisualStudioVersion = 17.7.34202.233
MinimumVisualStudioVersion = 10.0.40219.1
Project("{FAE04EC0-301F-11D3-BF4B-00C04F79EFBC}") = "checktrianglecanbeformed", "checktrianglecanbeformed.csproj", "{8F9C43ED-74A7-415B-9B44-CCB3FE13BE37}"
EndProject
Global
	GlobalSection(SolutionConfigurationPlatforms) = preSolution
		Debug|Any CPU = Debug|Any CPU
		Release|Any CPU = Release|Any CPU
	EndGlobalSection
	GlobalSection(ProjectConfigurationPlatforms) = postSolution
		{8F9C43ED-74A7-415B-9B44-CCB3FE13BE37}.Debug|Any CPU.ActiveCfg = Debug|Any CPU
		{8F9C43ED-74A7-415B-9B44-CCB3FE13BE37}.Debug|Any CPU.Build.0 = Debug|Any CPU
		{8F9C43ED-74A7-415B-9B44-CCB3FE13BE37}.Release|Any CPU.ActiveCfg = Release|Any CPU
		{8F9C43ED-74A7-415B-9B44-CCB3FE13BE37}.Release|Any CPU.Build.0 = Release|Any CPU
	EndGlobalSection
	GlobalSection(SolutionProperties) = preSolution
		HideSolutionNode = FALSE
	EndGlobalSection
	GlobalSection(ExtensibilityGlobals) = postSolution
		SolutionGuid = {FC1B0628-8641-4755-83EA-B8216398DDF3}
	EndGlobalSection
EndGlobal
