
Microsoft Visual Studio Solution File, Format Version 12.00
# Visual Studio Version 17
VisualStudioVersion = 17.7.34202.233
MinimumVisualStudioVersion = 10.0.40219.1
Project("{FAE04EC0-301F-11D3-BF4B-00C04F79EFBC}") = "threenomultiplicTION", "threenomultiplicTION.csproj", "{01D6A348-251C-4429-A418-93D0D33DCC45}"
EndProject
Global
	GlobalSection(SolutionConfigurationPlatforms) = preSolution
		Debug|Any CPU = Debug|Any CPU
		Release|Any CPU = Release|Any CPU
	EndGlobalSection
	GlobalSection(ProjectConfigurationPlatforms) = postSolution
		{01D6A348-251C-4429-A418-93D0D33DCC45}.Debug|Any CPU.ActiveCfg = Debug|Any CPU
		{01D6A348-251C-4429-A418-93D0D33DCC45}.Debug|Any CPU.Build.0 = Debug|Any CPU
		{01D6A348-251C-4429-A418-93D0D33DCC45}.Release|Any CPU.ActiveCfg = Release|Any CPU
		{01D6A348-251C-4429-A418-93D0D33DCC45}.Release|Any CPU.Build.0 = Release|Any CPU
	EndGlobalSection
	GlobalSection(SolutionProperties) = preSolution
		HideSolutionNode = FALSE
	EndGlobalSection
	GlobalSection(ExtensibilityGlobals) = postSolution
		SolutionGuid = {12A7654D-9327-4C41-B894-AEF4D5395E40}
	EndGlobalSection
EndGlobal
