
Microsoft Visual Studio Solution File, Format Version 12.00
# Visual Studio Version 17
VisualStudioVersion = 17.7.34202.233
MinimumVisualStudioVersion = 10.0.40219.1
Project("{FAE04EC0-301F-11D3-BF4B-00C04F79EFBC}") = "ifelseifelse", "ifelseifelse.csproj", "{F3C3F670-1847-4F98-AE2F-EDA143F0FB44}"
EndProject
Global
	GlobalSection(SolutionConfigurationPlatforms) = preSolution
		Debug|Any CPU = Debug|Any CPU
		Release|Any CPU = Release|Any CPU
	EndGlobalSection
	GlobalSection(ProjectConfigurationPlatforms) = postSolution
		{F3C3F670-1847-4F98-AE2F-EDA143F0FB44}.Debug|Any CPU.ActiveCfg = Debug|Any CPU
		{F3C3F670-1847-4F98-AE2F-EDA143F0FB44}.Debug|Any CPU.Build.0 = Debug|Any CPU
		{F3C3F670-1847-4F98-AE2F-EDA143F0FB44}.Release|Any CPU.ActiveCfg = Release|Any CPU
		{F3C3F670-1847-4F98-AE2F-EDA143F0FB44}.Release|Any CPU.Build.0 = Release|Any CPU
	EndGlobalSection
	GlobalSection(SolutionProperties) = preSolution
		HideSolutionNode = FALSE
	EndGlobalSection
	GlobalSection(ExtensibilityGlobals) = postSolution
		SolutionGuid = {A7BA0D74-1E60-4F4A-86FD-B5EE33FE949F}
	EndGlobalSection
EndGlobal
