
Microsoft Visual Studio Solution File, Format Version 12.00
# Visual Studio Version 17
VisualStudioVersion = 17.7.34202.233
MinimumVisualStudioVersion = 10.0.40219.1
Project("{FAE04EC0-301F-11D3-BF4B-00C04F79EFBC}") = "while10to1", "while10to1.csproj", "{C9D19278-DCF8-4D51-9603-9854C9AC46FE}"
EndProject
Global
	GlobalSection(SolutionConfigurationPlatforms) = preSolution
		Debug|Any CPU = Debug|Any CPU
		Release|Any CPU = Release|Any CPU
	EndGlobalSection
	GlobalSection(ProjectConfigurationPlatforms) = postSolution
		{C9D19278-DCF8-4D51-9603-9854C9AC46FE}.Debug|Any CPU.ActiveCfg = Debug|Any CPU
		{C9D19278-DCF8-4D51-9603-9854C9AC46FE}.Debug|Any CPU.Build.0 = Debug|Any CPU
		{C9D19278-DCF8-4D51-9603-9854C9AC46FE}.Release|Any CPU.ActiveCfg = Release|Any CPU
		{C9D19278-DCF8-4D51-9603-9854C9AC46FE}.Release|Any CPU.Build.0 = Release|Any CPU
	EndGlobalSection
	GlobalSection(SolutionProperties) = preSolution
		HideSolutionNode = FALSE
	EndGlobalSection
	GlobalSection(ExtensibilityGlobals) = postSolution
		SolutionGuid = {6AB19F19-1CC1-44A8-8EA6-7B35E9B5C5E6}
	EndGlobalSection
EndGlobal
