
Microsoft Visual Studio Solution File, Format Version 12.00
# Visual Studio Version 17
VisualStudioVersion = 17.7.34202.233
MinimumVisualStudioVersion = 10.0.40219.1
Project("{FAE04EC0-301F-11D3-BF4B-00C04F79EFBC}") = "sumof5no", "sumof5no.csproj", "{7ABC7008-8001-4DEB-B899-D8E5460BC3E5}"
EndProject
Global
	GlobalSection(SolutionConfigurationPlatforms) = preSolution
		Debug|Any CPU = Debug|Any CPU
		Release|Any CPU = Release|Any CPU
	EndGlobalSection
	GlobalSection(ProjectConfigurationPlatforms) = postSolution
		{7ABC7008-8001-4DEB-B899-D8E5460BC3E5}.Debug|Any CPU.ActiveCfg = Debug|Any CPU
		{7ABC7008-8001-4DEB-B899-D8E5460BC3E5}.Debug|Any CPU.Build.0 = Debug|Any CPU
		{7ABC7008-8001-4DEB-B899-D8E5460BC3E5}.Release|Any CPU.ActiveCfg = Release|Any CPU
		{7ABC7008-8001-4DEB-B899-D8E5460BC3E5}.Release|Any CPU.Build.0 = Release|Any CPU
	EndGlobalSection
	GlobalSection(SolutionProperties) = preSolution
		HideSolutionNode = FALSE
	EndGlobalSection
	GlobalSection(ExtensibilityGlobals) = postSolution
		SolutionGuid = {504EED02-C054-4B98-90D1-55C39CCAA313}
	EndGlobalSection
EndGlobal
