
Microsoft Visual Studio Solution File, Format Version 12.00
# Visual Studio Version 17
VisualStudioVersion = 17.7.34202.233
MinimumVisualStudioVersion = 10.0.40219.1
Project("{FAE04EC0-301F-11D3-BF4B-00C04F79EFBC}") = "propertiesinforms", "propertiesinforms.csproj", "{D70AE773-05E2-48B8-86C7-793A1DF8C227}"
EndProject
Global
	GlobalSection(SolutionConfigurationPlatforms) = preSolution
		Debug|Any CPU = Debug|Any CPU
		Release|Any CPU = Release|Any CPU
	EndGlobalSection
	GlobalSection(ProjectConfigurationPlatforms) = postSolution
		{D70AE773-05E2-48B8-86C7-793A1DF8C227}.Debug|Any CPU.ActiveCfg = Debug|Any CPU
		{D70AE773-05E2-48B8-86C7-793A1DF8C227}.Debug|Any CPU.Build.0 = Debug|Any CPU
		{D70AE773-05E2-48B8-86C7-793A1DF8C227}.Release|Any CPU.ActiveCfg = Release|Any CPU
		{D70AE773-05E2-48B8-86C7-793A1DF8C227}.Release|Any CPU.Build.0 = Release|Any CPU
	EndGlobalSection
	GlobalSection(SolutionProperties) = preSolution
		HideSolutionNode = FALSE
	EndGlobalSection
	GlobalSection(ExtensibilityGlobals) = postSolution
		SolutionGuid = {72CEE140-8281-4EEE-B0F5-1CBD3A6CC4EC}
	EndGlobalSection
EndGlobal
