
Microsoft Visual Studio Solution File, Format Version 12.00
# Visual Studio Version 17
VisualStudioVersion = 17.7.34202.233
MinimumVisualStudioVersion = 10.0.40219.1
Project("{FAE04EC0-301F-11D3-BF4B-00C04F79EFBC}") = "indexoutofrange", "indexoutofrange.csproj", "{368D60F9-83D7-4C17-988D-6346B08C907D}"
EndProject
Global
	GlobalSection(SolutionConfigurationPlatforms) = preSolution
		Debug|Any CPU = Debug|Any CPU
		Release|Any CPU = Release|Any CPU
	EndGlobalSection
	GlobalSection(ProjectConfigurationPlatforms) = postSolution
		{368D60F9-83D7-4C17-988D-6346B08C907D}.Debug|Any CPU.ActiveCfg = Debug|Any CPU
		{368D60F9-83D7-4C17-988D-6346B08C907D}.Debug|Any CPU.Build.0 = Debug|Any CPU
		{368D60F9-83D7-4C17-988D-6346B08C907D}.Release|Any CPU.ActiveCfg = Release|Any CPU
		{368D60F9-83D7-4C17-988D-6346B08C907D}.Release|Any CPU.Build.0 = Release|Any CPU
	EndGlobalSection
	GlobalSection(SolutionProperties) = preSolution
		HideSolutionNode = FALSE
	EndGlobalSection
	GlobalSection(ExtensibilityGlobals) = postSolution
		SolutionGuid = {97914C1D-DB2B-4495-A6B8-59321260F8A4}
	EndGlobalSection
EndGlobal
