
Microsoft Visual Studio Solution File, Format Version 12.00
# Visual Studio Version 17
VisualStudioVersion = 17.7.34202.233
MinimumVisualStudioVersion = 10.0.40219.1
Project("{FAE04EC0-301F-11D3-BF4B-00C04F79EFBC}") = "add,substract,multiply", "add,substract,multiply.csproj", "{CDEABE77-EB59-4173-B837-48B1D19C2D56}"
EndProject
Global
	GlobalSection(SolutionConfigurationPlatforms) = preSolution
		Debug|Any CPU = Debug|Any CPU
		Release|Any CPU = Release|Any CPU
	EndGlobalSection
	GlobalSection(ProjectConfigurationPlatforms) = postSolution
		{CDEABE77-EB59-4173-B837-48B1D19C2D56}.Debug|Any CPU.ActiveCfg = Debug|Any CPU
		{CDEABE77-EB59-4173-B837-48B1D19C2D56}.Debug|Any CPU.Build.0 = Debug|Any CPU
		{CDEABE77-EB59-4173-B837-48B1D19C2D56}.Release|Any CPU.ActiveCfg = Release|Any CPU
		{CDEABE77-EB59-4173-B837-48B1D19C2D56}.Release|Any CPU.Build.0 = Release|Any CPU
	EndGlobalSection
	GlobalSection(SolutionProperties) = preSolution
		HideSolutionNode = FALSE
	EndGlobalSection
	GlobalSection(ExtensibilityGlobals) = postSolution
		SolutionGuid = {B229C2A0-C78A-465C-B6D9-72713CFCE597}
	EndGlobalSection
EndGlobal
