
Microsoft Visual Studio Solution File, Format Version 12.00
# Visual Studio Version 17
VisualStudioVersion = 17.8.34408.163
MinimumVisualStudioVersion = 10.0.40219.1
Project("{FAE04EC0-301F-11D3-BF4B-00C04F79EFBC}") = "WebApplication4", "WebApplication4.csproj", "{175F1084-BF3E-454C-8ABB-3B6BD62A754B}"
EndProject
Global
	GlobalSection(SolutionConfigurationPlatforms) = preSolution
		Debug|Any CPU = Debug|Any CPU
		Release|Any CPU = Release|Any CPU
	EndGlobalSection
	GlobalSection(ProjectConfigurationPlatforms) = postSolution
		{175F1084-BF3E-454C-8ABB-3B6BD62A754B}.Debug|Any CPU.ActiveCfg = Debug|Any CPU
		{175F1084-BF3E-454C-8ABB-3B6BD62A754B}.Debug|Any CPU.Build.0 = Debug|Any CPU
		{175F1084-BF3E-454C-8ABB-3B6BD62A754B}.Release|Any CPU.ActiveCfg = Release|Any CPU
		{175F1084-BF3E-454C-8ABB-3B6BD62A754B}.Release|Any CPU.Build.0 = Release|Any CPU
	EndGlobalSection
	GlobalSection(SolutionProperties) = preSolution
		HideSolutionNode = FALSE
	EndGlobalSection
	GlobalSection(ExtensibilityGlobals) = postSolution
		SolutionGuid = {18066E0D-9C4C-479F-8F9B-70A857E494EF}
	EndGlobalSection
EndGlobal
