
Microsoft Visual Studio Solution File, Format Version 12.00
# Visual Studio Version 17
VisualStudioVersion = 17.7.34202.233
MinimumVisualStudioVersion = 10.0.40219.1
Project("{FAE04EC0-301F-11D3-BF4B-00C04F79EFBC}") = "specific operations", "specific operations.csproj", "{ECD83BAC-D9B9-49B1-93B6-1F2337AF6CA9}"
EndProject
Global
	GlobalSection(SolutionConfigurationPlatforms) = preSolution
		Debug|Any CPU = Debug|Any CPU
		Release|Any CPU = Release|Any CPU
	EndGlobalSection
	GlobalSection(ProjectConfigurationPlatforms) = postSolution
		{ECD83BAC-D9B9-49B1-93B6-1F2337AF6CA9}.Debug|Any CPU.ActiveCfg = Debug|Any CPU
		{ECD83BAC-D9B9-49B1-93B6-1F2337AF6CA9}.Debug|Any CPU.Build.0 = Debug|Any CPU
		{ECD83BAC-D9B9-49B1-93B6-1F2337AF6CA9}.Release|Any CPU.ActiveCfg = Release|Any CPU
		{ECD83BAC-D9B9-49B1-93B6-1F2337AF6CA9}.Release|Any CPU.Build.0 = Release|Any CPU
	EndGlobalSection
	GlobalSection(SolutionProperties) = preSolution
		HideSolutionNode = FALSE
	EndGlobalSection
	GlobalSection(ExtensibilityGlobals) = postSolution
		SolutionGuid = {454680F6-932D-4822-BCE7-C8955AE8FC76}
	EndGlobalSection
EndGlobal
