
Microsoft Visual Studio Solution File, Format Version 12.00
# Visual Studio Version 17
VisualStudioVersion = 17.7.34202.233
MinimumVisualStudioVersion = 10.0.40219.1
Project("{FAE04EC0-301F-11D3-BF4B-00C04F79EFBC}") = "machinetestQuestioon", "machinetestQuestioon.csproj", "{8699983F-1854-4D1A-A6C4-BA53670B81CA}"
EndProject
Global
	GlobalSection(SolutionConfigurationPlatforms) = preSolution
		Debug|Any CPU = Debug|Any CPU
		Release|Any CPU = Release|Any CPU
	EndGlobalSection
	GlobalSection(ProjectConfigurationPlatforms) = postSolution
		{8699983F-1854-4D1A-A6C4-BA53670B81CA}.Debug|Any CPU.ActiveCfg = Debug|Any CPU
		{8699983F-1854-4D1A-A6C4-BA53670B81CA}.Debug|Any CPU.Build.0 = Debug|Any CPU
		{8699983F-1854-4D1A-A6C4-BA53670B81CA}.Release|Any CPU.ActiveCfg = Release|Any CPU
		{8699983F-1854-4D1A-A6C4-BA53670B81CA}.Release|Any CPU.Build.0 = Release|Any CPU
	EndGlobalSection
	GlobalSection(SolutionProperties) = preSolution
		HideSolutionNode = FALSE
	EndGlobalSection
	GlobalSection(ExtensibilityGlobals) = postSolution
		SolutionGuid = {A61FA24F-7804-4183-916D-8A49FCEB1959}
	EndGlobalSection
EndGlobal
