
Microsoft Visual Studio Solution File, Format Version 12.00
# Visual Studio Version 17
VisualStudioVersion = 17.7.34202.233
MinimumVisualStudioVersion = 10.0.40219.1
Project("{FAE04EC0-301F-11D3-BF4B-00C04F79EFBC}") = "practiseofrockpaper", "practiseofrockpaper.csproj", "{DC8BBC78-DBA3-404C-A962-5EF365C801F6}"
EndProject
Global
	GlobalSection(SolutionConfigurationPlatforms) = preSolution
		Debug|Any CPU = Debug|Any CPU
		Release|Any CPU = Release|Any CPU
	EndGlobalSection
	GlobalSection(ProjectConfigurationPlatforms) = postSolution
		{DC8BBC78-DBA3-404C-A962-5EF365C801F6}.Debug|Any CPU.ActiveCfg = Debug|Any CPU
		{DC8BBC78-DBA3-404C-A962-5EF365C801F6}.Debug|Any CPU.Build.0 = Debug|Any CPU
		{DC8BBC78-DBA3-404C-A962-5EF365C801F6}.Release|Any CPU.ActiveCfg = Release|Any CPU
		{DC8BBC78-DBA3-404C-A962-5EF365C801F6}.Release|Any CPU.Build.0 = Release|Any CPU
	EndGlobalSection
	GlobalSection(SolutionProperties) = preSolution
		HideSolutionNode = FALSE
	EndGlobalSection
	GlobalSection(ExtensibilityGlobals) = postSolution
		SolutionGuid = {33380F93-0DFB-424F-9C41-068B64F252AC}
	EndGlobalSection
EndGlobal
