
Microsoft Visual Studio Solution File, Format Version 12.00
# Visual Studio Version 17
VisualStudioVersion = 17.7.34202.233
MinimumVisualStudioVersion = 10.0.40219.1
Project("{FAE04EC0-301F-11D3-BF4B-00C04F79EFBC}") = "Doubledatatype", "Doubledatatype.csproj", "{7C4A9E7A-5816-447A-A3BA-2186DCA4878E}"
EndProject
Global
	GlobalSection(SolutionConfigurationPlatforms) = preSolution
		Debug|Any CPU = Debug|Any CPU
		Release|Any CPU = Release|Any CPU
	EndGlobalSection
	GlobalSection(ProjectConfigurationPlatforms) = postSolution
		{7C4A9E7A-5816-447A-A3BA-2186DCA4878E}.Debug|Any CPU.ActiveCfg = Debug|Any CPU
		{7C4A9E7A-5816-447A-A3BA-2186DCA4878E}.Debug|Any CPU.Build.0 = Debug|Any CPU
		{7C4A9E7A-5816-447A-A3BA-2186DCA4878E}.Release|Any CPU.ActiveCfg = Release|Any CPU
		{7C4A9E7A-5816-447A-A3BA-2186DCA4878E}.Release|Any CPU.Build.0 = Release|Any CPU
	EndGlobalSection
	GlobalSection(SolutionProperties) = preSolution
		HideSolutionNode = FALSE
	EndGlobalSection
	GlobalSection(ExtensibilityGlobals) = postSolution
		SolutionGuid = {58E9AA91-CB57-4AE5-A941-1F56176F9CFC}
	EndGlobalSection
EndGlobal
