
Microsoft Visual Studio Solution File, Format Version 12.00
# Visual Studio Version 17
VisualStudioVersion = 17.7.34202.233
MinimumVisualStudioVersion = 10.0.40219.1
Project("{FAE04EC0-301F-11D3-BF4B-00C04F79EFBC}") = "labelsproperties", "labelsproperties.csproj", "{4A329541-E3FE-4268-870F-4B45D02937A5}"
EndProject
Global
	GlobalSection(SolutionConfigurationPlatforms) = preSolution
		Debug|Any CPU = Debug|Any CPU
		Release|Any CPU = Release|Any CPU
	EndGlobalSection
	GlobalSection(ProjectConfigurationPlatforms) = postSolution
		{4A329541-E3FE-4268-870F-4B45D02937A5}.Debug|Any CPU.ActiveCfg = Debug|Any CPU
		{4A329541-E3FE-4268-870F-4B45D02937A5}.Debug|Any CPU.Build.0 = Debug|Any CPU
		{4A329541-E3FE-4268-870F-4B45D02937A5}.Release|Any CPU.ActiveCfg = Release|Any CPU
		{4A329541-E3FE-4268-870F-4B45D02937A5}.Release|Any CPU.Build.0 = Release|Any CPU
	EndGlobalSection
	GlobalSection(SolutionProperties) = preSolution
		HideSolutionNode = FALSE
	EndGlobalSection
	GlobalSection(ExtensibilityGlobals) = postSolution
		SolutionGuid = {A5A1E6AF-B3EA-4455-B05E-E95780BCF381}
	EndGlobalSection
EndGlobal
