
Microsoft Visual Studio Solution File, Format Version 12.00
# Visual Studio Version 17
VisualStudioVersion = 17.7.34202.233
MinimumVisualStudioVersion = 10.0.40219.1
Project("{FAE04EC0-301F-11D3-BF4B-00C04F79EFBC}") = "acceotingfromuser", "acceotingfromuser.csproj", "{98826ADC-1AB3-4E6D-AC5D-FD23C5555AAF}"
EndProject
Global
	GlobalSection(SolutionConfigurationPlatforms) = preSolution
		Debug|Any CPU = Debug|Any CPU
		Release|Any CPU = Release|Any CPU
	EndGlobalSection
	GlobalSection(ProjectConfigurationPlatforms) = postSolution
		{98826ADC-1AB3-4E6D-AC5D-FD23C5555AAF}.Debug|Any CPU.ActiveCfg = Debug|Any CPU
		{98826ADC-1AB3-4E6D-AC5D-FD23C5555AAF}.Debug|Any CPU.Build.0 = Debug|Any CPU
		{98826ADC-1AB3-4E6D-AC5D-FD23C5555AAF}.Release|Any CPU.ActiveCfg = Release|Any CPU
		{98826ADC-1AB3-4E6D-AC5D-FD23C5555AAF}.Release|Any CPU.Build.0 = Release|Any CPU
	EndGlobalSection
	GlobalSection(SolutionProperties) = preSolution
		HideSolutionNode = FALSE
	EndGlobalSection
	GlobalSection(ExtensibilityGlobals) = postSolution
		SolutionGuid = {6F99533D-7BC1-4342-A700-AC156221AA8A}
	EndGlobalSection
EndGlobal
