
Microsoft Visual Studio Solution File, Format Version 12.00
# Visual Studio Version 17
VisualStudioVersion = 17.7.34202.233
MinimumVisualStudioVersion = 10.0.40219.1
Project("{FAE04EC0-301F-11D3-BF4B-00C04F79EFBC}") = "tryand catch", "tryand catch.csproj", "{567831D0-D7EF-47A7-B555-94979457E4F6}"
EndProject
Global
	GlobalSection(SolutionConfigurationPlatforms) = preSolution
		Debug|Any CPU = Debug|Any CPU
		Release|Any CPU = Release|Any CPU
	EndGlobalSection
	GlobalSection(ProjectConfigurationPlatforms) = postSolution
		{567831D0-D7EF-47A7-B555-94979457E4F6}.Debug|Any CPU.ActiveCfg = Debug|Any CPU
		{567831D0-D7EF-47A7-B555-94979457E4F6}.Debug|Any CPU.Build.0 = Debug|Any CPU
		{567831D0-D7EF-47A7-B555-94979457E4F6}.Release|Any CPU.ActiveCfg = Release|Any CPU
		{567831D0-D7EF-47A7-B555-94979457E4F6}.Release|Any CPU.Build.0 = Release|Any CPU
	EndGlobalSection
	GlobalSection(SolutionProperties) = preSolution
		HideSolutionNode = FALSE
	EndGlobalSection
	GlobalSection(ExtensibilityGlobals) = postSolution
		SolutionGuid = {987C203D-F1EB-4B83-B926-4F10A2104489}
	EndGlobalSection
EndGlobal
