
Microsoft Visual Studio Solution File, Format Version 12.00
# Visual Studio Version 17
VisualStudioVersion = 17.7.34202.233
MinimumVisualStudioVersion = 10.0.40219.1
Project("{FAE04EC0-301F-11D3-BF4B-00C04F79EFBC}") = "abstractandnon-abstractmethod", "abstractandnon-abstractmethod.csproj", "{A01C915E-64F0-408C-AC11-C5E487A577CE}"
EndProject
Global
	GlobalSection(SolutionConfigurationPlatforms) = preSolution
		Debug|Any CPU = Debug|Any CPU
		Release|Any CPU = Release|Any CPU
	EndGlobalSection
	GlobalSection(ProjectConfigurationPlatforms) = postSolution
		{A01C915E-64F0-408C-AC11-C5E487A577CE}.Debug|Any CPU.ActiveCfg = Debug|Any CPU
		{A01C915E-64F0-408C-AC11-C5E487A577CE}.Debug|Any CPU.Build.0 = Debug|Any CPU
		{A01C915E-64F0-408C-AC11-C5E487A577CE}.Release|Any CPU.ActiveCfg = Release|Any CPU
		{A01C915E-64F0-408C-AC11-C5E487A577CE}.Release|Any CPU.Build.0 = Release|Any CPU
	EndGlobalSection
	GlobalSection(SolutionProperties) = preSolution
		HideSolutionNode = FALSE
	EndGlobalSection
	GlobalSection(ExtensibilityGlobals) = postSolution
		SolutionGuid = {A0CFF16D-2610-4D86-B4EF-AB2E9C2B4B5E}
	EndGlobalSection
EndGlobal
