
Microsoft Visual Studio Solution File, Format Version 12.00
# Visual Studio Version 17
VisualStudioVersion = 17.7.34202.233
MinimumVisualStudioVersion = 10.0.40219.1
Project("{FAE04EC0-301F-11D3-BF4B-00C04F79EFBC}") = "cubeofanumber", "cubeofanumber.csproj", "{F4127305-7806-44C9-953A-B98CCE9C8FCD}"
EndProject
Global
	GlobalSection(SolutionConfigurationPlatforms) = preSolution
		Debug|Any CPU = Debug|Any CPU
		Release|Any CPU = Release|Any CPU
	EndGlobalSection
	GlobalSection(ProjectConfigurationPlatforms) = postSolution
		{F4127305-7806-44C9-953A-B98CCE9C8FCD}.Debug|Any CPU.ActiveCfg = Debug|Any CPU
		{F4127305-7806-44C9-953A-B98CCE9C8FCD}.Debug|Any CPU.Build.0 = Debug|Any CPU
		{F4127305-7806-44C9-953A-B98CCE9C8FCD}.Release|Any CPU.ActiveCfg = Release|Any CPU
		{F4127305-7806-44C9-953A-B98CCE9C8FCD}.Release|Any CPU.Build.0 = Release|Any CPU
	EndGlobalSection
	GlobalSection(SolutionProperties) = preSolution
		HideSolutionNode = FALSE
	EndGlobalSection
	GlobalSection(ExtensibilityGlobals) = postSolution
		SolutionGuid = {AFA33C77-7032-43D9-A442-5391554E96FD}
	EndGlobalSection
EndGlobal
