
Microsoft Visual Studio Solution File, Format Version 12.00
# Visual Studio Version 17
VisualStudioVersion = 17.7.34202.233
MinimumVisualStudioVersion = 10.0.40219.1
Project("{FAE04EC0-301F-11D3-BF4B-00C04F79EFBC}") = "nestedloopinno", "nestedloopinno.csproj", "{093337FA-7512-4049-BB37-17D2BF4578BC}"
EndProject
Global
	GlobalSection(SolutionConfigurationPlatforms) = preSolution
		Debug|Any CPU = Debug|Any CPU
		Release|Any CPU = Release|Any CPU
	EndGlobalSection
	GlobalSection(ProjectConfigurationPlatforms) = postSolution
		{093337FA-7512-4049-BB37-17D2BF4578BC}.Debug|Any CPU.ActiveCfg = Debug|Any CPU
		{093337FA-7512-4049-BB37-17D2BF4578BC}.Debug|Any CPU.Build.0 = Debug|Any CPU
		{093337FA-7512-4049-BB37-17D2BF4578BC}.Release|Any CPU.ActiveCfg = Release|Any CPU
		{093337FA-7512-4049-BB37-17D2BF4578BC}.Release|Any CPU.Build.0 = Release|Any CPU
	EndGlobalSection
	GlobalSection(SolutionProperties) = preSolution
		HideSolutionNode = FALSE
	EndGlobalSection
	GlobalSection(ExtensibilityGlobals) = postSolution
		SolutionGuid = {E1BEB7CD-DCAD-4FC5-828D-595C6F33FD37}
	EndGlobalSection
EndGlobal
