
Microsoft Visual Studio Solution File, Format Version 12.00
# Visual Studio Version 17
VisualStudioVersion = 17.7.34202.233
MinimumVisualStudioVersion = 10.0.40219.1
Project("{FAE04EC0-301F-11D3-BF4B-00C04F79EFBC}") = "threesubjectmark", "threesubjectmark.csproj", "{01C3B78E-1961-4330-983F-1A4F9CD48690}"
EndProject
Global
	GlobalSection(SolutionConfigurationPlatforms) = preSolution
		Debug|Any CPU = Debug|Any CPU
		Release|Any CPU = Release|Any CPU
	EndGlobalSection
	GlobalSection(ProjectConfigurationPlatforms) = postSolution
		{01C3B78E-1961-4330-983F-1A4F9CD48690}.Debug|Any CPU.ActiveCfg = Debug|Any CPU
		{01C3B78E-1961-4330-983F-1A4F9CD48690}.Debug|Any CPU.Build.0 = Debug|Any CPU
		{01C3B78E-1961-4330-983F-1A4F9CD48690}.Release|Any CPU.ActiveCfg = Release|Any CPU
		{01C3B78E-1961-4330-983F-1A4F9CD48690}.Release|Any CPU.Build.0 = Release|Any CPU
	EndGlobalSection
	GlobalSection(SolutionProperties) = preSolution
		HideSolutionNode = FALSE
	EndGlobalSection
	GlobalSection(ExtensibilityGlobals) = postSolution
		SolutionGuid = {872B87D1-689E-426E-85AC-E00CDB06697F}
	EndGlobalSection
EndGlobal
