
Microsoft Visual Studio Solution File, Format Version 12.00
# Visual Studio Version 17
VisualStudioVersion = 17.7.34202.233
MinimumVisualStudioVersion = 10.0.40219.1
Project("{FAE04EC0-301F-11D3-BF4B-00C04F79EFBC}") = "Stack", "Stack.csproj", "{C302CEEB-BD07-4F60-BD9A-7DDD0A136E83}"
EndProject
Global
	GlobalSection(SolutionConfigurationPlatforms) = preSolution
		Debug|Any CPU = Debug|Any CPU
		Release|Any CPU = Release|Any CPU
	EndGlobalSection
	GlobalSection(ProjectConfigurationPlatforms) = postSolution
		{C302CEEB-BD07-4F60-BD9A-7DDD0A136E83}.Debug|Any CPU.ActiveCfg = Debug|Any CPU
		{C302CEEB-BD07-4F60-BD9A-7DDD0A136E83}.Debug|Any CPU.Build.0 = Debug|Any CPU
		{C302CEEB-BD07-4F60-BD9A-7DDD0A136E83}.Release|Any CPU.ActiveCfg = Release|Any CPU
		{C302CEEB-BD07-4F60-BD9A-7DDD0A136E83}.Release|Any CPU.Build.0 = Release|Any CPU
	EndGlobalSection
	GlobalSection(SolutionProperties) = preSolution
		HideSolutionNode = FALSE
	EndGlobalSection
	GlobalSection(ExtensibilityGlobals) = postSolution
		SolutionGuid = {0AE78EF5-713F-4732-985D-CB21BFABE5F0}
	EndGlobalSection
EndGlobal
