
Microsoft Visual Studio Solution File, Format Version 12.00
# Visual Studio Version 17
VisualStudioVersion = 17.7.34202.233
MinimumVisualStudioVersion = 10.0.40219.1
Project("{FAE04EC0-301F-11D3-BF4B-00C04F79EFBC}") = "GetLengthinarray", "GetLengthinarray.csproj", "{C2BBD7D2-88A9-435D-824F-5C041A54B60E}"
EndProject
Global
	GlobalSection(SolutionConfigurationPlatforms) = preSolution
		Debug|Any CPU = Debug|Any CPU
		Release|Any CPU = Release|Any CPU
	EndGlobalSection
	GlobalSection(ProjectConfigurationPlatforms) = postSolution
		{C2BBD7D2-88A9-435D-824F-5C041A54B60E}.Debug|Any CPU.ActiveCfg = Debug|Any CPU
		{C2BBD7D2-88A9-435D-824F-5C041A54B60E}.Debug|Any CPU.Build.0 = Debug|Any CPU
		{C2BBD7D2-88A9-435D-824F-5C041A54B60E}.Release|Any CPU.ActiveCfg = Release|Any CPU
		{C2BBD7D2-88A9-435D-824F-5C041A54B60E}.Release|Any CPU.Build.0 = Release|Any CPU
	EndGlobalSection
	GlobalSection(SolutionProperties) = preSolution
		HideSolutionNode = FALSE
	EndGlobalSection
	GlobalSection(ExtensibilityGlobals) = postSolution
		SolutionGuid = {E57E781E-D898-4CFA-B52F-6BD7CB0E1415}
	EndGlobalSection
EndGlobal
