
Microsoft Visual Studio Solution File, Format Version 12.00
# Visual Studio Version 17
VisualStudioVersion = 17.7.34202.233
MinimumVisualStudioVersion = 10.0.40219.1
Project("{FAE04EC0-301F-11D3-BF4B-00C04F79EFBC}") = "libraryquestion", "libraryquestion.csproj", "{B85BCEAC-871F-45F3-A3ED-0964918E8091}"
EndProject
Global
	GlobalSection(SolutionConfigurationPlatforms) = preSolution
		Debug|Any CPU = Debug|Any CPU
		Release|Any CPU = Release|Any CPU
	EndGlobalSection
	GlobalSection(ProjectConfigurationPlatforms) = postSolution
		{B85BCEAC-871F-45F3-A3ED-0964918E8091}.Debug|Any CPU.ActiveCfg = Debug|Any CPU
		{B85BCEAC-871F-45F3-A3ED-0964918E8091}.Debug|Any CPU.Build.0 = Debug|Any CPU
		{B85BCEAC-871F-45F3-A3ED-0964918E8091}.Release|Any CPU.ActiveCfg = Release|Any CPU
		{B85BCEAC-871F-45F3-A3ED-0964918E8091}.Release|Any CPU.Build.0 = Release|Any CPU
	EndGlobalSection
	GlobalSection(SolutionProperties) = preSolution
		HideSolutionNode = FALSE
	EndGlobalSection
	GlobalSection(ExtensibilityGlobals) = postSolution
		SolutionGuid = {82259C82-ADE0-46BA-A597-D54719152750}
	EndGlobalSection
EndGlobal
