
Microsoft Visual Studio Solution File, Format Version 12.00
# Visual Studio Version 17
VisualStudioVersion = 17.7.34202.233
MinimumVisualStudioVersion = 10.0.40219.1
Project("{FAE04EC0-301F-11D3-BF4B-00C04F79EFBC}") = "passwordcorrect", "passwordcorrect.csproj", "{5E2E442D-CA83-4570-8C57-639D135271A3}"
EndProject
Global
	GlobalSection(SolutionConfigurationPlatforms) = preSolution
		Debug|Any CPU = Debug|Any CPU
		Release|Any CPU = Release|Any CPU
	EndGlobalSection
	GlobalSection(ProjectConfigurationPlatforms) = postSolution
		{5E2E442D-CA83-4570-8C57-639D135271A3}.Debug|Any CPU.ActiveCfg = Debug|Any CPU
		{5E2E442D-CA83-4570-8C57-639D135271A3}.Debug|Any CPU.Build.0 = Debug|Any CPU
		{5E2E442D-CA83-4570-8C57-639D135271A3}.Release|Any CPU.ActiveCfg = Release|Any CPU
		{5E2E442D-CA83-4570-8C57-639D135271A3}.Release|Any CPU.Build.0 = Release|Any CPU
	EndGlobalSection
	GlobalSection(SolutionProperties) = preSolution
		HideSolutionNode = FALSE
	EndGlobalSection
	GlobalSection(ExtensibilityGlobals) = postSolution
		SolutionGuid = {D0A9AF63-2644-4D06-A3F3-35B330DC5AEA}
	EndGlobalSection
EndGlobal
