
Microsoft Visual Studio Solution File, Format Version 12.00
# Visual Studio Version 17
VisualStudioVersion = 17.7.34202.233
MinimumVisualStudioVersion = 10.0.40219.1
Project("{FAE04EC0-301F-11D3-BF4B-00C04F79EFBC}") = "bankwithinheritance", "bankwithinheritance.csproj", "{4274B96F-9DE9-42FC-AE62-7612864233E2}"
EndProject
Global
	GlobalSection(SolutionConfigurationPlatforms) = preSolution
		Debug|Any CPU = Debug|Any CPU
		Release|Any CPU = Release|Any CPU
	EndGlobalSection
	GlobalSection(ProjectConfigurationPlatforms) = postSolution
		{4274B96F-9DE9-42FC-AE62-7612864233E2}.Debug|Any CPU.ActiveCfg = Debug|Any CPU
		{4274B96F-9DE9-42FC-AE62-7612864233E2}.Debug|Any CPU.Build.0 = Debug|Any CPU
		{4274B96F-9DE9-42FC-AE62-7612864233E2}.Release|Any CPU.ActiveCfg = Release|Any CPU
		{4274B96F-9DE9-42FC-AE62-7612864233E2}.Release|Any CPU.Build.0 = Release|Any CPU
	EndGlobalSection
	GlobalSection(SolutionProperties) = preSolution
		HideSolutionNode = FALSE
	EndGlobalSection
	GlobalSection(ExtensibilityGlobals) = postSolution
		SolutionGuid = {6D6C92D2-B21F-4960-B8D5-602B79B6A8A0}
	EndGlobalSection
EndGlobal
